
Microsoft Visual Studio Solution File, Format Version 12.00
# Visual Studio 15
VisualStudioVersion = 15.0.28010.2036
MinimumVisualStudioVersion = 10.0.40219.1
Project("{2150E333-8FDC-42A3-9474-1A3956D46DE8}") = "src", "src", "{F00B614B-6166-4070-A784-5D6E650C436A}"
EndProject
Project("{FAE04EC0-301F-11D3-BF4B-00C04F79EFBC}") = "Backtrace.Unity", "src\Backtrace.Unity\Backtrace.Unity.csproj", "{74DDC6C2-70CE-45A8-AD99-4335769E7E09}"
EndProject
Project("{9A19103F-16F7-4668-BE54-9A1E7A4F7556}") = "Backtrace", "..\..\backtrace-csharp\Backtrace\Backtrace.csproj", "{7376C4B4-0F7C-4CDA-B024-28C7B049496C}"
EndProject
Global
	GlobalSection(SolutionConfigurationPlatforms) = preSolution
		Debug|Any CPU = Debug|Any CPU
		Release|Any CPU = Release|Any CPU
	EndGlobalSection
	GlobalSection(ProjectConfigurationPlatforms) = postSolution
		{74DDC6C2-70CE-45A8-AD99-4335769E7E09}.Debug|Any CPU.ActiveCfg = Debug|Any CPU
		{74DDC6C2-70CE-45A8-AD99-4335769E7E09}.Debug|Any CPU.Build.0 = Debug|Any CPU
		{74DDC6C2-70CE-45A8-AD99-4335769E7E09}.Release|Any CPU.ActiveCfg = Release|Any CPU
		{74DDC6C2-70CE-45A8-AD99-4335769E7E09}.Release|Any CPU.Build.0 = Release|Any CPU
		{7376C4B4-0F7C-4CDA-B024-28C7B049496C}.Debug|Any CPU.ActiveCfg = Debug|Any CPU
		{7376C4B4-0F7C-4CDA-B024-28C7B049496C}.Debug|Any CPU.Build.0 = Debug|Any CPU
		{7376C4B4-0F7C-4CDA-B024-28C7B049496C}.Release|Any CPU.ActiveCfg = Release|Any CPU
		{7376C4B4-0F7C-4CDA-B024-28C7B049496C}.Release|Any CPU.Build.0 = Release|Any CPU
	EndGlobalSection
	GlobalSection(SolutionProperties) = preSolution
		HideSolutionNode = FALSE
	EndGlobalSection
	GlobalSection(NestedProjects) = preSolution
		{74DDC6C2-70CE-45A8-AD99-4335769E7E09} = {F00B614B-6166-4070-A784-5D6E650C436A}
		{7376C4B4-0F7C-4CDA-B024-28C7B049496C} = {F00B614B-6166-4070-A784-5D6E650C436A}
	EndGlobalSection
	GlobalSection(ExtensibilityGlobals) = postSolution
		SolutionGuid = {7E958B21-165B-44D3-87EB-F8044B3ED442}
	EndGlobalSection
EndGlobal
